{
    "_readme": [
        "This file locks the dependencies of your project to a known state",
        "Read more about it at https://getcomposer.org/doc/01-basic-usage.md#installing-dependencies",
        "This file is @generated automatically"
    ],
    "content-hash": "d591aded8965d59e60e03effb92ef30e",
    "packages": [
        {
            "name": "parsa/pluslib",
            "version": "dev-master",
            "source": {
                "type": "git",
                "url": "https://github.com/parsa-mostafaie/pluslib.git",
                "reference": "bfdfa38d292c7f69cb22828c4775f4f441d3d441"
            },
            "dist": {
                "type": "zip",
                "url": "https://api.github.com/repos/parsa-mostafaie/pluslib/zipball/bfdfa38d292c7f69cb22828c4775f4f441d3d441",
                "reference": "bfdfa38d292c7f69cb22828c4775f4f441d3d441",
                "shasum": ""
            },
            "default-branch": true,
            "type": "library",
            "autoload": {
                "files": [
                    "init.php"
                ]
            },
            "notification-url": "https://packagist.org/downloads/",
            "license": [
                "MIT"
            ],
            "authors": [
                {
                    "name": "Parsa Mostafaie",
                    "email": "pmostafaie1390@gmail.com"
                }
            ],
            "description": "Simple, Object Oriented, Secure, Compatible",
            "support": {
                "issues": "https://github.com/parsa-mostafaie/pluslib/issues",
                "source": "https://github.com/parsa-mostafaie/pluslib/tree/v0.0.121"
            },
            "time": "2024-08-20T17:48:16+00:00"
        }
    ],
    "packages-dev": [],
    "aliases": [],
    "minimum-stability": "dev",
    "stability-flags": {
        "parsa/pluslib": 20
    },
    "prefer-stable": false,
    "prefer-lowest": false,
    "platform": [],
    "platform-dev": [],
    "plugin-api-version": "2.6.0"
}
